
Microsoft Visual Studio Solution File, Format Version 12.00
# Visual Studio Express 2012 for Windows Phone
Project("{FAE04EC0-301F-11D3-BF4B-00C04F79EFBC}") = "GreenScreenMagic", "GreenScreenMagic\GreenScreenMagic.csproj", "{2620D7C4-2E97-4EC3-B854-783398521700}"
EndProject
Project("{FAE04EC0-301F-11D3-BF4B-00C04F79EFBC}") = "GreenScreenTools", "GreenScreenTools\GreenScreenTools.csproj", "{088EA2D1-FB48-420D-B3EA-F2470D28C665}"
EndProject
Project("{2150E333-8FDC-42A3-9474-1A3956D46DE8}") = ".nuget", ".nuget", "{F0ACA4FD-05EB-479A-A744-F6BC4588E8FC}"
	ProjectSection(SolutionItems) = preProject
		.nuget\NuGet.Config = .nuget\NuGet.Config
		.nuget\NuGet.exe = .nuget\NuGet.exe
		.nuget\NuGet.targets = .nuget\NuGet.targets
	EndProjectSection
EndProject
Global
	GlobalSection(SolutionConfigurationPlatforms) = preSolution
		Debug|Any CPU = Debug|Any CPU
		Debug|ARM = Debug|ARM
		Debug|x86 = Debug|x86
		Release|Any CPU = Release|Any CPU
		Release|ARM = Release|ARM
		Release|x86 = Release|x86
	EndGlobalSection
	GlobalSection(ProjectConfigurationPlatforms) = postSolution
		{2620D7C4-2E97-4EC3-B854-783398521700}.Debug|Any CPU.ActiveCfg = Debug|Any CPU
		{2620D7C4-2E97-4EC3-B854-783398521700}.Debug|Any CPU.Build.0 = Debug|Any CPU
		{2620D7C4-2E97-4EC3-B854-783398521700}.Debug|Any CPU.Deploy.0 = Debug|Any CPU
		{2620D7C4-2E97-4EC3-B854-783398521700}.Debug|ARM.ActiveCfg = Debug|ARM
		{2620D7C4-2E97-4EC3-B854-783398521700}.Debug|ARM.Build.0 = Debug|ARM
		{2620D7C4-2E97-4EC3-B854-783398521700}.Debug|ARM.Deploy.0 = Debug|ARM
		{2620D7C4-2E97-4EC3-B854-783398521700}.Debug|x86.ActiveCfg = Debug|x86
		{2620D7C4-2E97-4EC3-B854-783398521700}.Debug|x86.Build.0 = Debug|x86
		{2620D7C4-2E97-4EC3-B854-783398521700}.Debug|x86.Deploy.0 = Debug|x86
		{2620D7C4-2E97-4EC3-B854-783398521700}.Release|Any CPU.ActiveCfg = Release|Any CPU
		{2620D7C4-2E97-4EC3-B854-783398521700}.Release|Any CPU.Build.0 = Release|Any CPU
		{2620D7C4-2E97-4EC3-B854-783398521700}.Release|Any CPU.Deploy.0 = Release|Any CPU
		{2620D7C4-2E97-4EC3-B854-783398521700}.Release|ARM.ActiveCfg = Release|ARM
		{2620D7C4-2E97-4EC3-B854-783398521700}.Release|ARM.Build.0 = Release|ARM
		{2620D7C4-2E97-4EC3-B854-783398521700}.Release|ARM.Deploy.0 = Release|ARM
		{2620D7C4-2E97-4EC3-B854-783398521700}.Release|x86.ActiveCfg = Release|x86
		{2620D7C4-2E97-4EC3-B854-783398521700}.Release|x86.Build.0 = Release|x86
		{2620D7C4-2E97-4EC3-B854-783398521700}.Release|x86.Deploy.0 = Release|x86
		{088EA2D1-FB48-420D-B3EA-F2470D28C665}.Debug|Any CPU.ActiveCfg = Debug|Any CPU
		{088EA2D1-FB48-420D-B3EA-F2470D28C665}.Debug|Any CPU.Build.0 = Debug|Any CPU
		{088EA2D1-FB48-420D-B3EA-F2470D28C665}.Debug|ARM.ActiveCfg = Debug|ARM
		{088EA2D1-FB48-420D-B3EA-F2470D28C665}.Debug|ARM.Build.0 = Debug|ARM
		{088EA2D1-FB48-420D-B3EA-F2470D28C665}.Debug|x86.ActiveCfg = Debug|x86
		{088EA2D1-FB48-420D-B3EA-F2470D28C665}.Debug|x86.Build.0 = Debug|x86
		{088EA2D1-FB48-420D-B3EA-F2470D28C665}.Release|Any CPU.ActiveCfg = Release|Any CPU
		{088EA2D1-FB48-420D-B3EA-F2470D28C665}.Release|Any CPU.Build.0 = Release|Any CPU
		{088EA2D1-FB48-420D-B3EA-F2470D28C665}.Release|ARM.ActiveCfg = Release|ARM
		{088EA2D1-FB48-420D-B3EA-F2470D28C665}.Release|ARM.Build.0 = Release|ARM
		{088EA2D1-FB48-420D-B3EA-F2470D28C665}.Release|x86.ActiveCfg = Release|x86
		{088EA2D1-FB48-420D-B3EA-F2470D28C665}.Release|x86.Build.0 = Release|x86
	EndGlobalSection
	GlobalSection(SolutionProperties) = preSolution
		HideSolutionNode = FALSE
	EndGlobalSection
EndGlobal
